
Microsoft Visual Studio Solution File, Format Version 12.00
# Visual Studio Version 17
VisualStudioVersion = 17.4.33213.308
MinimumVisualStudioVersion = 10.0.40219.1
Project("{FAE04EC0-301F-11D3-BF4B-00C04F79EFBC}") = "KuyumcuYonetimSistemiV1", "KuyumcuYonetimSistemiV1\KuyumcuYonetimSistemiV1.csproj", "{B7FE7A6F-535B-481D-974C-DB4172007D2E}"
EndProject
Global
	GlobalSection(SolutionConfigurationPlatforms) = preSolution
		Debug|Any CPU = Debug|Any CPU
		Release|Any CPU = Release|Any CPU
	EndGlobalSection
	GlobalSection(ProjectConfigurationPlatforms) = postSolution
		{B7FE7A6F-535B-481D-974C-DB4172007D2E}.Debug|Any CPU.ActiveCfg = Debug|Any CPU
		{B7FE7A6F-535B-481D-974C-DB4172007D2E}.Debug|Any CPU.Build.0 = Debug|Any CPU
		{B7FE7A6F-535B-481D-974C-DB4172007D2E}.Release|Any CPU.ActiveCfg = Release|Any CPU
		{B7FE7A6F-535B-481D-974C-DB4172007D2E}.Release|Any CPU.Build.0 = Release|Any CPU
	EndGlobalSection
	GlobalSection(SolutionProperties) = preSolution
		HideSolutionNode = FALSE
	EndGlobalSection
	GlobalSection(ExtensibilityGlobals) = postSolution
		SolutionGuid = {417F064E-5752-42AD-A4AD-F54093662C42}
	EndGlobalSection
EndGlobal
